// !$*UTF8*$!
{
	archiveVersion = 1;
	classes = {
	};
	objectVersion = 46;
	objects = {

/* Begin PBXBuildFile section */
		843821E816480019C2B3D60B /* Pods_Twitters.framework in Frameworks */ = {isa = PBXBuildFile; fileRef = E702926181E43F580FB5A41E /* Pods_Twitters.framework */; };
		86168CF91E67204B0021FA8B /* AppDelegate.swift in Sources */ = {isa = PBXBuildFile; fileRef = 86168CF81E67204B0021FA8B /* AppDelegate.swift */; };
		86168CFE1E67204B0021FA8B /* Main.storyboard in Resources */ = {isa = PBXBuildFile; fileRef = 86168CFC1E67204B0021FA8B /* Main.storyboard */; };
		86168D001E67204B0021FA8B /* Assets.xcassets in Resources */ = {isa = PBXBuildFile; fileRef = 86168CFF1E67204B0021FA8B /* Assets.xcassets */; };
		86168D031E67204B0021FA8B /* LaunchScreen.storyboard in Resources */ = {isa = PBXBuildFile; fileRef = 86168D011E67204B0021FA8B /* LaunchScreen.storyboard */; };
		86168D0F1E672DCA0021FA8B /* TwitterClient.swift in Sources */ = {isa = PBXBuildFile; fileRef = 86168D0E1E672DCA0021FA8B /* TwitterClient.swift */; };
		86168D111E6731590021FA8B /* LoginViewController.swift in Sources */ = {isa = PBXBuildFile; fileRef = 86168D101E6731590021FA8B /* LoginViewController.swift */; };
		861A846A1E6A70F5001C1BD4 /* NewTweetViewController.swift in Sources */ = {isa = PBXBuildFile; fileRef = 861A84691E6A70F5001C1BD4 /* NewTweetViewController.swift */; };
		86624CA21E69AEEF004FB4CD /* SettingUtils.swift in Sources */ = {isa = PBXBuildFile; fileRef = 86624CA11E69AEEF004FB4CD /* SettingUtils.swift */; };
		86624CA41E69B4E5004FB4CD /* TweetDetailViewController.swift in Sources */ = {isa = PBXBuildFile; fileRef = 86624CA31E69B4E5004FB4CD /* TweetDetailViewController.swift */; };
		86624CA61E69E368004FB4CD /* TweetMainInfoCell.swift in Sources */ = {isa = PBXBuildFile; fileRef = 86624CA51E69E368004FB4CD /* TweetMainInfoCell.swift */; };
		86624CA81E69E37F004FB4CD /* TweetLikeInfoCell.swift in Sources */ = {isa = PBXBuildFile; fileRef = 86624CA71E69E37F004FB4CD /* TweetLikeInfoCell.swift */; };
		86624CAA1E69E38F004FB4CD /* TweetActionCell.swift in Sources */ = {isa = PBXBuildFile; fileRef = 86624CA91E69E38F004FB4CD /* TweetActionCell.swift */; };
		866439121E687C7200F9B96A /* User.swift in Sources */ = {isa = PBXBuildFile; fileRef = 866439111E687C7200F9B96A /* User.swift */; };
		866439141E687C7D00F9B96A /* Tweet.swift in Sources */ = {isa = PBXBuildFile; fileRef = 866439131E687C7D00F9B96A /* Tweet.swift */; };
		866439161E6880A200F9B96A /* TweetViewController.swift in Sources */ = {isa = PBXBuildFile; fileRef = 866439151E6880A200F9B96A /* TweetViewController.swift */; };
		866439191E68879700F9B96A /* TweetCell.swift in Sources */ = {isa = PBXBuildFile; fileRef = 866439181E68879700F9B96A /* TweetCell.swift */; };
		8664391B1E688ADC00F9B96A /* ImageUtils.swift in Sources */ = {isa = PBXBuildFile; fileRef = 8664391A1E688ADC00F9B96A /* ImageUtils.swift */; };
/* End PBXBuildFile section */

/* Begin PBXFileReference section */
		2F2E26952847FA007040A01E /* Pods-Twitters.debug.xcconfig */ = {isa = PBXFileReference; includeInIndex = 1; lastKnownFileType = text.xcconfig; name = "Pods-Twitters.debug.xcconfig"; path = "Pods/Target Support Files/Pods-Twitters/Pods-Twitters.debug.xcconfig"; sourceTree = "<group>"; };
		3BDEE68C22020193A28EBD88 /* Pods-Twitters.release.xcconfig */ = {isa = PBXFileReference; includeInIndex = 1; lastKnownFileType = text.xcconfig; name = "Pods-Twitters.release.xcconfig"; path = "Pods/Target Support Files/Pods-Twitters/Pods-Twitters.release.xcconfig"; sourceTree = "<group>"; };
		86168CF51E67204B0021FA8B /* Twitters.app */ = {isa = PBXFileReference; explicitFileType = wrapper.application; includeInIndex = 0; path = Twitters.app; sourceTree = BUILT_PRODUCTS_DIR; };
		86168CF81E67204B0021FA8B /* AppDelegate.swift */ = {isa = PBXFileReference; lastKnownFileType = sourcecode.swift; path = AppDelegate.swift; sourceTree = "<group>"; };
		86168CFD1E67204B0021FA8B /* Base */ = {isa = PBXFileReference; lastKnownFileType = file.storyboard; name = Base; path = Base.lproj/Main.storyboard; sourceTree = "<group>"; };
		86168CFF1E67204B0021FA8B /* Assets.xcassets */ = {isa = PBXFileReference; lastKnownFileType = folder.assetcatalog; path = Assets.xcassets; sourceTree = "<group>"; };
		86168D021E67204B0021FA8B /* Base */ = {isa = PBXFileReference; lastKnownFileType = file.storyboard; name = Base; path = Base.lproj/LaunchScreen.storyboard; sourceTree = "<group>"; };
		86168D041E67204B0021FA8B /* Info.plist */ = {isa = PBXFileReference; lastKnownFileType = text.plist.xml; path = Info.plist; sourceTree = "<group>"; };
		86168D0E1E672DCA0021FA8B /* TwitterClient.swift */ = {isa = PBXFileReference; fileEncoding = 4; lastKnownFileType = sourcecode.swift; path = TwitterClient.swift; sourceTree = "<group>"; };
		86168D101E6731590021FA8B /* LoginViewController.swift */ = {isa = PBXFileReference; fileEncoding = 4; lastKnownFileType = sourcecode.swift; path = LoginViewController.swift; sourceTree = "<group>"; };
		861A84691E6A70F5001C1BD4 /* NewTweetViewController.swift */ = {isa = PBXFileReference; fileEncoding = 4; lastKnownFileType = sourcecode.swift; path = NewTweetViewController.swift; sourceTree = "<group>"; };
		86624CA11E69AEEF004FB4CD /* SettingUtils.swift */ = {isa = PBXFileReference; fileEncoding = 4; lastKnownFileType = sourcecode.swift; path = SettingUtils.swift; sourceTree = "<group>"; };
		86624CA31E69B4E5004FB4CD /* TweetDetailViewController.swift */ = {isa = PBXFileReference; fileEncoding = 4; lastKnownFileType = sourcecode.swift; path = TweetDetailViewController.swift; sourceTree = "<group>"; };
		86624CA51E69E368004FB4CD /* TweetMainInfoCell.swift */ = {isa = PBXFileReference; fileEncoding = 4; lastKnownFileType = sourcecode.swift; path = TweetMainInfoCell.swift; sourceTree = "<group>"; };
		86624CA71E69E37F004FB4CD /* TweetLikeInfoCell.swift */ = {isa = PBXFileReference; fileEncoding = 4; lastKnownFileType = sourcecode.swift; path = TweetLikeInfoCell.swift; sourceTree = "<group>"; };
		86624CA91E69E38F004FB4CD /* TweetActionCell.swift */ = {isa = PBXFileReference; fileEncoding = 4; lastKnownFileType = sourcecode.swift; path = TweetActionCell.swift; sourceTree = "<group>"; };
		866439111E687C7200F9B96A /* User.swift */ = {isa = PBXFileReference; fileEncoding = 4; lastKnownFileType = sourcecode.swift; path = User.swift; sourceTree = "<group>"; };
		866439131E687C7D00F9B96A /* Tweet.swift */ = {isa = PBXFileReference; fileEncoding = 4; lastKnownFileType = sourcecode.swift; path = Tweet.swift; sourceTree = "<group>"; };
		866439151E6880A200F9B96A /* TweetViewController.swift */ = {isa = PBXFileReference; fileEncoding = 4; lastKnownFileType = sourcecode.swift; path = TweetViewController.swift; sourceTree = "<group>"; };
		866439181E68879700F9B96A /* TweetCell.swift */ = {isa = PBXFileReference; fileEncoding = 4; lastKnownFileType = sourcecode.swift; path = TweetCell.swift; sourceTree = "<group>"; };
		8664391A1E688ADC00F9B96A /* ImageUtils.swift */ = {isa = PBXFileReference; fileEncoding = 4; lastKnownFileType = sourcecode.swift; path = ImageUtils.swift; sourceTree = "<group>"; };
		E702926181E43F580FB5A41E /* Pods_Twitters.framework */ = {isa = PBXFileReference; explicitFileType = wrapper.framework; includeInIndex = 0; path = Pods_Twitters.framework; sourceTree = BUILT_PRODUCTS_DIR; };
/* End PBXFileReference section */

/* Begin PBXFrameworksBuildPhase section */
		86168CF21E67204B0021FA8B /* Frameworks */ = {
			isa = PBXFrameworksBuildPhase;
			buildActionMask = 2147483647;
			files = (
				843821E816480019C2B3D60B /* Pods_Twitters.framework in Frameworks */,
			);
			runOnlyForDeploymentPostprocessing = 0;
		};
/* End PBXFrameworksBuildPhase section */

/* Begin PBXGroup section */
		2CB34C1ACB6384D69124C427 /* Frameworks */ = {
			isa = PBXGroup;
			children = (
				E702926181E43F580FB5A41E /* Pods_Twitters.framework */,
			);
			name = Frameworks;
			sourceTree = "<group>";
		};
		86168CEC1E67204B0021FA8B = {
			isa = PBXGroup;
			children = (
				86168CF71E67204B0021FA8B /* Twitters */,
				86168CF61E67204B0021FA8B /* Products */,
				E922C7FBDAD6F58DE29BD9B2 /* Pods */,
				2CB34C1ACB6384D69124C427 /* Frameworks */,
			);
			sourceTree = "<group>";
		};
		86168CF61E67204B0021FA8B /* Products */ = {
			isa = PBXGroup;
			children = (
				86168CF51E67204B0021FA8B /* Twitters.app */,
			);
			name = Products;
			sourceTree = "<group>";
		};
		86168CF71E67204B0021FA8B /* Twitters */ = {
			isa = PBXGroup;
			children = (
				866439171E68877E00F9B96A /* View */,
				866439101E687C6600F9B96A /* Model */,
				86168D0D1E67235D0021FA8B /* Utils */,
				86168D0C1E6723570021FA8B /* Service */,
				86168D0B1E6723500021FA8B /* Controller */,
				86168CF81E67204B0021FA8B /* AppDelegate.swift */,
				86168CFC1E67204B0021FA8B /* Main.storyboard */,
				86168CFF1E67204B0021FA8B /* Assets.xcassets */,
				86168D011E67204B0021FA8B /* LaunchScreen.storyboard */,
				86168D041E67204B0021FA8B /* Info.plist */,
			);
			path = Twitters;
			sourceTree = "<group>";
		};
		86168D0B1E6723500021FA8B /* Controller */ = {
			isa = PBXGroup;
			children = (
				86168D101E6731590021FA8B /* LoginViewController.swift */,
				866439151E6880A200F9B96A /* TweetViewController.swift */,
				86624CA31E69B4E5004FB4CD /* TweetDetailViewController.swift */,
				861A84691E6A70F5001C1BD4 /* NewTweetViewController.swift */,
			);
			name = Controller;
			sourceTree = "<group>";
		};
		86168D0C1E6723570021FA8B /* Service */ = {
			isa = PBXGroup;
			children = (
				86168D0E1E672DCA0021FA8B /* TwitterClient.swift */,
			);
			name = Service;
			sourceTree = "<group>";
		};
		86168D0D1E67235D0021FA8B /* Utils */ = {
			isa = PBXGroup;
			children = (
				8664391A1E688ADC00F9B96A /* ImageUtils.swift */,
				86624CA11E69AEEF004FB4CD /* SettingUtils.swift */,
			);
			name = Utils;
			sourceTree = "<group>";
		};
		866439101E687C6600F9B96A /* Model */ = {
			isa = PBXGroup;
			children = (
				866439111E687C7200F9B96A /* User.swift */,
				866439131E687C7D00F9B96A /* Tweet.swift */,
			);
			name = Model;
			sourceTree = "<group>";
		};
		866439171E68877E00F9B96A /* View */ = {
			isa = PBXGroup;
			children = (
				866439181E68879700F9B96A /* TweetCell.swift */,
				86624CA51E69E368004FB4CD /* TweetMainInfoCell.swift */,
				86624CA71E69E37F004FB4CD /* TweetLikeInfoCell.swift */,
				86624CA91E69E38F004FB4CD /* TweetActionCell.swift */,
			);
			name = View;
			sourceTree = "<group>";
		};
		E922C7FBDAD6F58DE29BD9B2 /* Pods */ = {
			isa = PBXGroup;
			children = (
				2F2E26952847FA007040A01E /* Pods-Twitters.debug.xcconfig */,
				3BDEE68C22020193A28EBD88 /* Pods-Twitters.release.xcconfig */,
			);
			name = Pods;
			sourceTree = "<group>";
		};
/* End PBXGroup section */

/* Begin PBXNativeTarget section */
		86168CF41E67204B0021FA8B /* Twitters */ = {
			isa = PBXNativeTarget;
			buildConfigurationList = 86168D071E67204B0021FA8B /* Build configuration list for PBXNativeTarget "Twitters" */;
			buildPhases = (
				E7E6D02F8859E642A6CF1702 /* [CP] Check Pods Manifest.lock */,
				86168CF11E67204B0021FA8B /* Sources */,
				86168CF21E67204B0021FA8B /* Frameworks */,
				86168CF31E67204B0021FA8B /* Resources */,
				94A83EC4A9B7DA014F921BEE /* [CP] Embed Pods Frameworks */,
				7BCE66331048D32B4B93B9DB /* [CP] Copy Pods Resources */,
			);
			buildRules = (
			);
			dependencies = (
			);
			name = Twitters;
			productName = Twitters;
			productReference = 86168CF51E67204B0021FA8B /* Twitters.app */;
			productType = "com.apple.product-type.application";
		};
/* End PBXNativeTarget section */

/* Begin PBXProject section */
		86168CED1E67204B0021FA8B /* Project object */ = {
			isa = PBXProject;
			attributes = {
				LastSwiftUpdateCheck = 0820;
				LastUpgradeCheck = 0820;
				ORGANIZATIONNAME = "Nguyen Quang Ngoc Tan";
				TargetAttributes = {
					86168CF41E67204B0021FA8B = {
						CreatedOnToolsVersion = 8.2.1;
						DevelopmentTeam = V7Z27TG6NM;
						ProvisioningStyle = Automatic;
					};
				};
			};
			buildConfigurationList = 86168CF01E67204B0021FA8B /* Build configuration list for PBXProject "Twitters" */;
			compatibilityVersion = "Xcode 3.2";
			developmentRegion = English;
			hasScannedForEncodings = 0;
			knownRegions = (
				en,
				Base,
			);
			mainGroup = 86168CEC1E67204B0021FA8B;
			productRefGroup = 86168CF61E67204B0021FA8B /* Products */;
			projectDirPath = "";
			projectRoot = "";
			targets = (
				86168CF41E67204B0021FA8B /* Twitters */,
			);
		};
/* End PBXProject section */

/* Begin PBXResourcesBuildPhase section */
		86168CF31E67204B0021FA8B /* Resources */ = {
			isa = PBXResourcesBuildPhase;
			buildActionMask = 2147483647;
			files = (
				86168D031E67204B0021FA8B /* LaunchScreen.storyboard in Resources */,
				86168D001E67204B0021FA8B /* Assets.xcassets in Resources */,
				86168CFE1E67204B0021FA8B /* Main.storyboard in Resources */,
			);
			runOnlyForDeploymentPostprocessing = 0;
		};
/* End PBXResourcesBuildPhase section */

/* Begin PBXShellScriptBuildPhase section */
		7BCE66331048D32B4B93B9DB /* [CP] Copy Pods Resources */ = {
			isa = PBXShellScriptBuildPhase;
			buildActionMask = 2147483647;
			files = (
			);
			inputPaths = (
			);
			name = "[CP] Copy Pods Resources";
			outputPaths = (
			);
			runOnlyForDeploymentPostprocessing = 0;
			shellPath = /bin/sh;
			shellScript = "\"${SRCROOT}/Pods/Target Support Files/Pods-Twitters/Pods-Twitters-resources.sh\"\n";
			showEnvVarsInLog = 0;
		};
		94A83EC4A9B7DA014F921BEE /* [CP] Embed Pods Frameworks */ = {
			isa = PBXShellScriptBuildPhase;
			buildActionMask = 2147483647;
			files = (
			);
			inputPaths = (
			);
			name = "[CP] Embed Pods Frameworks";
			outputPaths = (
			);
			runOnlyForDeploymentPostprocessing = 0;
			shellPath = /bin/sh;
			shellScript = "\"${SRCROOT}/Pods/Target Support Files/Pods-Twitters/Pods-Twitters-frameworks.sh\"\n";
			showEnvVarsInLog = 0;
		};
		E7E6D02F8859E642A6CF1702 /* [CP] Check Pods Manifest.lock */ = {
			isa = PBXShellScriptBuildPhase;
			buildActionMask = 2147483647;
			files = (
			);
			inputPaths = (
			);
			name = "[CP] Check Pods Manifest.lock";
			outputPaths = (
			);
			runOnlyForDeploymentPostprocessing = 0;
			shellPath = /bin/sh;
			shellScript = "diff \"${PODS_ROOT}/../Podfile.lock\" \"${PODS_ROOT}/Manifest.lock\" > /dev/null\nif [ $? != 0 ] ; then\n    # print error to STDERR\n    echo \"error: The sandbox is not in sync with the Podfile.lock. Run 'pod install' or update your CocoaPods installation.\" >&2\n    exit 1\nfi\n";
			showEnvVarsInLog = 0;
		};
/* End PBXShellScriptBuildPhase section */

/* Begin PBXSourcesBuildPhase section */
		86168CF11E67204B0021FA8B /* Sources */ = {
			isa = PBXSourcesBuildPhase;
			buildActionMask = 2147483647;
			files = (
				86624CA21E69AEEF004FB4CD /* SettingUtils.swift in Sources */,
				866439121E687C7200F9B96A /* User.swift in Sources */,
				866439191E68879700F9B96A /* TweetCell.swift in Sources */,
				866439141E687C7D00F9B96A /* Tweet.swift in Sources */,
				86624CA81E69E37F004FB4CD /* TweetLikeInfoCell.swift in Sources */,
				866439161E6880A200F9B96A /* TweetViewController.swift in Sources */,
				86168D111E6731590021FA8B /* LoginViewController.swift in Sources */,
				8664391B1E688ADC00F9B96A /* ImageUtils.swift in Sources */,
				86624CA61E69E368004FB4CD /* TweetMainInfoCell.swift in Sources */,
				861A846A1E6A70F5001C1BD4 /* NewTweetViewController.swift in Sources */,
				86168D0F1E672DCA0021FA8B /* TwitterClient.swift in Sources */,
				86168CF91E67204B0021FA8B /* AppDelegate.swift in Sources */,
				86624CAA1E69E38F004FB4CD /* TweetActionCell.swift in Sources */,
				86624CA41E69B4E5004FB4CD /* TweetDetailViewController.swift in Sources */,
			);
			runOnlyForDeploymentPostprocessing = 0;
		};
/* End PBXSourcesBuildPhase section */

/* Begin PBXVariantGroup section */
		86168CFC1E67204B0021FA8B /* Main.storyboard */ = {
			isa = PBXVariantGroup;
			children = (
				86168CFD1E67204B0021FA8B /* Base */,
			);
			name = Main.storyboard;
			sourceTree = "<group>";
		};
		86168D011E67204B0021FA8B /* LaunchScreen.storyboard */ = {
			isa = PBXVariantGroup;
			children = (
				86168D021E67204B0021FA8B /* Base */,
			);
			name = LaunchScreen.storyboard;
			sourceTree = "<group>";
		};
/* End PBXVariantGroup section */

/* Begin XCBuildConfiguration section */
		86168D051E67204B0021FA8B /* Debug */ = {
			isa = XCBuildConfiguration;
			buildSettings = {
				ALWAYS_SEARCH_USER_PATHS = NO;
				CLANG_ANALYZER_NONNULL = YES;
				CLANG_CXX_LANGUAGE_STANDARD = "gnu++0x";
				CLANG_CXX_LIBRARY = "libc++";
				CLANG_ENABLE_MODULES = YES;
				CLANG_ENABLE_OBJC_ARC = YES;
				CLANG_WARN_BOOL_CONVERSION = YES;
				CLANG_WARN_CONSTANT_CONVERSION = YES;
				CLANG_WARN_DIRECT_OBJC_ISA_USAGE = YES_ERROR;
				CLANG_WARN_DOCUMENTATION_COMMENTS = YES;
				CLANG_WARN_EMPTY_BODY = YES;
				CLANG_WARN_ENUM_CONVERSION = YES;
				CLANG_WARN_INFINITE_RECURSION = YES;
				CLANG_WARN_INT_CONVERSION = YES;
				CLANG_WARN_OBJC_ROOT_CLASS = YES_ERROR;
				CLANG_WARN_SUSPICIOUS_MOVE = YES;
				CLANG_WARN_UNREACHABLE_CODE = YES;
				CLANG_WARN__DUPLICATE_METHOD_MATCH = YES;
				"CODE_SIGN_IDENTITY[sdk=iphoneos*]" = "iPhone Developer";
				COPY_PHASE_STRIP = NO;
				DEBUG_INFORMATION_FORMAT = dwarf;
				ENABLE_STRICT_OBJC_MSGSEND = YES;
				ENABLE_TESTABILITY = YES;
				GCC_C_LANGUAGE_STANDARD = gnu99;
				GCC_DYNAMIC_NO_PIC = NO;
				GCC_NO_COMMON_BLOCKS = YES;
				GCC_OPTIMIZATION_LEVEL = 0;
				GCC_PREPROCESSOR_DEFINITIONS = (
					"DEBUG=1",
					"$(inherited)",
				);
				GCC_WARN_64_TO_32_BIT_CONVERSION = YES;
				GCC_WARN_ABOUT_RETURN_TYPE = YES_ERROR;
				GCC_WARN_UNDECLARED_SELECTOR = YES;
				GCC_WARN_UNINITIALIZED_AUTOS = YES_AGGRESSIVE;
				GCC_WARN_UNUSED_FUNCTION = YES;
				GCC_WARN_UNUSED_VARIABLE = YES;
				IPHONEOS_DEPLOYMENT_TARGET = 10.2;
				MTL_ENABLE_DEBUG_INFO = YES;
				ONLY_ACTIVE_ARCH = YES;
				SDKROOT = iphoneos;
				SWIFT_ACTIVE_COMPILATION_CONDITIONS = DEBUG;
				SWIFT_OPTIMIZATION_LEVEL = "-Onone";
			};
			name = Debug;
		};
		86168D061E67204B0021FA8B /* Release */ = {
			isa = XCBuildConfiguration;
			buildSettings = {
				ALWAYS_SEARCH_USER_PATHS = NO;
				CLANG_ANALYZER_NONNULL = YES;
				CLANG_CXX_LANGUAGE_STANDARD = "gnu++0x";
				CLANG_CXX_LIBRARY = "libc++";
				CLANG_ENABLE_MODULES = YES;
				CLANG_ENABLE_OBJC_ARC = YES;
				CLANG_WARN_BOOL_CONVERSION = YES;
				CLANG_WARN_CONSTANT_CONVERSION = YES;
				CLANG_WARN_DIRECT_OBJC_ISA_USAGE = YES_ERROR;
				CLANG_WARN_DOCUMENTATION_COMMENTS = YES;
				CLANG_WARN_EMPTY_BODY = YES;
				CLANG_WARN_ENUM_CONVERSION = YES;
				CLANG_WARN_INFINITE_RECURSION = YES;
				CLANG_WARN_INT_CONVERSION = YES;
				CLANG_WARN_OBJC_ROOT_CLASS = YES_ERROR;
				CLANG_WARN_SUSPICIOUS_MOVE = YES;
				CLANG_WARN_UNREACHABLE_CODE = YES;
				CLANG_WARN__DUPLICATE_METHOD_MATCH = YES;
				"CODE_SIGN_IDENTITY[sdk=iphoneos*]" = "iPhone Developer";
				COPY_PHASE_STRIP = NO;
				DEBUG_INFORMATION_FORMAT = "dwarf-with-dsym";
				ENABLE_NS_ASSERTIONS = NO;
				ENABLE_STRICT_OBJC_MSGSEND = YES;
				GCC_C_LANGUAGE_STANDARD = gnu99;
				GCC_NO_COMMON_BLOCKS = YES;
				GCC_WARN_64_TO_32_BIT_CONVERSION = YES;
				GCC_WARN_ABOUT_RETURN_TYPE = YES_ERROR;
				GCC_WARN_UNDECLARED_SELECTOR = YES;
				GCC_WARN_UNINITIALIZED_AUTOS = YES_AGGRESSIVE;
				GCC_WARN_UNUSED_FUNCTION = YES;
				GCC_WARN_UNUSED_VARIABLE = YES;
				IPHONEOS_DEPLOYMENT_TARGET = 10.2;
				MTL_ENABLE_DEBUG_INFO = NO;
				SDKROOT = iphoneos;
				SWIFT_OPTIMIZATION_LEVEL = "-Owholemodule";
				VALIDATE_PRODUCT = YES;
			};
			name = Release;
		};
		86168D081E67204B0021FA8B /* Debug */ = {
			isa = XCBuildConfiguration;
			baseConfigurationReference = 2F2E26952847FA007040A01E /* Pods-Twitters.debug.xcconfig */;
			buildSettings = {
				ASSETCATALOG_COMPILER_APPICON_NAME = AppIcon;
				DEVELOPMENT_TEAM = V7Z27TG6NM;
				INFOPLIST_FILE = Twitters/Info.plist;
				LD_RUNPATH_SEARCH_PATHS = "$(inherited) @executable_path/Frameworks";
				PRODUCT_BUNDLE_IDENTIFIER = com.nqntan.Twitters;
				PRODUCT_NAME = "$(TARGET_NAME)";
				SWIFT_VERSION = 3.0;
			};
			name = Debug;
		};
		86168D091E67204B0021FA8B /* Release */ = {
			isa = XCBuildConfiguration;
			baseConfigurationReference = 3BDEE68C22020193A28EBD88 /* Pods-Twitters.release.xcconfig */;
			buildSettings = {
				ASSETCATALOG_COMPILER_APPICON_NAME = AppIcon;
				DEVELOPMENT_TEAM = V7Z27TG6NM;
				INFOPLIST_FILE = Twitters/Info.plist;
				LD_RUNPATH_SEARCH_PATHS = "$(inherited) @executable_path/Frameworks";
				PRODUCT_BUNDLE_IDENTIFIER = com.nqntan.Twitters;
				PRODUCT_NAME = "$(TARGET_NAME)";
				SWIFT_VERSION = 3.0;
			};
			name = Release;
		};
/* End XCBuildConfiguration section */

/* Begin XCConfigurationList section */
		86168CF01E67204B0021FA8B /* Build configuration list for PBXProject "Twitters" */ = {
			isa = XCConfigurationList;
			buildConfigurations = (
				86168D051E67204B0021FA8B /* Debug */,
				86168D061E67204B0021FA8B /* Release */,
			);
			defaultConfigurationIsVisible = 0;
			defaultConfigurationName = Release;
		};
		86168D071E67204B0021FA8B /* Build configuration list for PBXNativeTarget "Twitters" */ = {
			isa = XCConfigurationList;
			buildConfigurations = (
				86168D081E67204B0021FA8B /* Debug */,
				86168D091E67204B0021FA8B /* Release */,
			);
			defaultConfigurationIsVisible = 0;
			defaultConfigurationName = Release;
		};
/* End XCConfigurationList section */
	};
	rootObject = 86168CED1E67204B0021FA8B /* Project object */;
}
